# THIS IS AN AUTOGENERATED FILE. DO NOT EDIT THIS FILE DIRECTLY.
# yarn lockfile v1


bindings@^1.5.0:
  version "1.5.0"
  resolved "https://registry.npm.taobao.org/bindings/download/bindings-1.5.0.tgz#10353c9e945334bc0511a6d90b38fbc7c9c504df"
  integrity sha1-EDU8npRTNLwFEabZCzj7x8nFBN8=
  dependencies:
    file-uri-to-path "1.0.0"

ffmpeg-recorder@^1.1.7:
  version "1.1.7"
  resolved "https://registry.npm.taobao.org/ffmpeg-recorder/download/ffmpeg-recorder-1.1.7.tgz?cache=0&sync_timestamp=1577244877786&other_urls=https%3A%2F%2Fregistry.npm.taobao.org%2Fffmpeg-recorder%2Fdownload%2Fffmpeg-recorder-1.1.7.tgz#295992284f9b18e3911f981593f7ea6b7165c957"
  integrity sha1-KVmSKE+bGOORH5gVk/fqa3FlyVc=

file-uri-to-path@1.0.0:
  version "1.0.0"
  resolved "https://registry.npm.taobao.org/file-uri-to-path/download/file-uri-to-path-1.0.0.tgz?cache=0&sync_timestamp=1570825475173&other_urls=https%3A%2F%2Fregistry.npm.taobao.org%2Ffile-uri-to-path%2Fdownload%2Ffile-uri-to-path-1.0.0.tgz#553a7b8446ff6f684359c445f1e37a05dacc33dd"
  integrity sha1-VTp7hEb/b2hDWcRF8eN6BdrMM90=

platform-folders@^0.4.1:
  version "0.4.1"
  resolved "https://registry.npm.taobao.org/platform-folders/download/platform-folders-0.4.1.tgz#c020815388ca3dc11123cbffdc2020d8aae7f50d"
  integrity sha1-wCCBU4jKPcERI8v/3CAg2Krn9Q0=
  dependencies:
    bindings "^1.5.0"
